
Microsoft Visual Studio Solution File, Format Version 12.00
# Visual Studio Version 17
VisualStudioVersion = 17.13.35913.81 d17.13
MinimumVisualStudioVersion = 10.0.40219.1
Project("{FAE04EC0-301F-11D3-BF4B-00C04F79EFBC}") = "Wanna Decrypt0r vN5.0", "Wanna Decrypt0r vN5.0\Wanna Decrypt0r vN5.0.csproj", "{CE752225-DC78-4DAD-A17D-6D07D2EFDB8A}"
EndProject
Global
	GlobalSection(SolutionConfigurationPlatforms) = preSolution
		Debug|Any CPU = Debug|Any CPU
		Release|Any CPU = Release|Any CPU
	EndGlobalSection
	GlobalSection(ProjectConfigurationPlatforms) = postSolution
		{CE752225-DC78-4DAD-A17D-6D07D2EFDB8A}.Debug|Any CPU.ActiveCfg = Debug|Any CPU
		{CE752225-DC78-4DAD-A17D-6D07D2EFDB8A}.Debug|Any CPU.Build.0 = Debug|Any CPU
		{CE752225-DC78-4DAD-A17D-6D07D2EFDB8A}.Release|Any CPU.ActiveCfg = Release|Any CPU
		{CE752225-DC78-4DAD-A17D-6D07D2EFDB8A}.Release|Any CPU.Build.0 = Release|Any CPU
	EndGlobalSection
	GlobalSection(SolutionProperties) = preSolution
		HideSolutionNode = FALSE
	EndGlobalSection
	GlobalSection(ExtensibilityGlobals) = postSolution
		SolutionGuid = {AAD97018-1061-490E-95C7-1BED58E2F294}
	EndGlobalSection
EndGlobal
